// !$*UTF8*$!
{
	archiveVersion = 1;
	classes = {
	};
	objectVersion = 77;
	objects = {

/* Begin PBXContainerItemProxy section */
		BACEEA5B2E21696100A0E01B /* PBXContainerItemProxy */ = {
			isa = PBXContainerItemProxy;
			containerPortal = BACEEA452E21695F00A0E01B /* Project object */;
			proxyType = 1;
			remoteGlobalIDString = BACEEA4C2E21695F00A0E01B;
			remoteInfo = CrossStreets;
		};
		BACEEA652E21696100A0E01B /* PBXContainerItemProxy */ = {
			isa = PBXContainerItemProxy;
			containerPortal = BACEEA452E21695F00A0E01B /* Project object */;
			proxyType = 1;
			remoteGlobalIDString = BACEEA4C2E21695F00A0E01B;
			remoteInfo = CrossStreets;
		};
/* End PBXContainerItemProxy section */

/* Begin PBXFileReference section */
		BACEEA4D2E21695F00A0E01B /* CrossStreets.app */ = {isa = PBXFileReference; explicitFileType = wrapper.application; includeInIndex = 0; path = CrossStreets.app; sourceTree = BUILT_PRODUCTS_DIR; };
		BACEEA5A2E21696100A0E01B /* CrossStreetsTests.xctest */ = {isa = PBXFileReference; explicitFileType = wrapper.cfbundle; includeInIndex = 0; path = CrossStreetsTests.xctest; sourceTree = BUILT_PRODUCTS_DIR; };
		BACEEA642E21696100A0E01B /* CrossStreetsUITests.xctest */ = {isa = PBXFileReference; explicitFileType = wrapper.cfbundle; includeInIndex = 0; path = CrossStreetsUITests.xctest; sourceTree = BUILT_PRODUCTS_DIR; };
/* End PBXFileReference section */

/* Begin PBXFileSystemSynchronizedRootGroup section */
		BACEEA4F2E21695F00A0E01B /* CrossStreets */ = {
			isa = PBXFileSystemSynchronizedRootGroup;
			path = CrossStreets;
			sourceTree = "<group>";
		};
		BACEEA5D2E21696100A0E01B /* CrossStreetsTests */ = {
			isa = PBXFileSystemSynchronizedRootGroup;
			path = CrossStreetsTests;
			sourceTree = "<group>";
		};
		BACEEA672E21696100A0E01B /* CrossStreetsUITests */ = {
			isa = PBXFileSystemSynchronizedRootGroup;
			path = CrossStreetsUITests;
			sourceTree = "<group>";
		};
/* End PBXFileSystemSynchronizedRootGroup section */

/* Begin PBXFrameworksBuildPhase section */
		BACEEA4A2E21695F00A0E01B /* Frameworks */ = {
			isa = PBXFrameworksBuildPhase;
			buildActionMask = 2147483647;
			files = (
			);
			runOnlyForDeploymentPostprocessing = 0;
		};
		BACEEA572E21696100A0E01B /* Frameworks */ = {
			isa = PBXFrameworksBuildPhase;
			buildActionMask = 2147483647;
			files = (
			);
			runOnlyForDeploymentPostprocessing = 0;
		};
		BACEEA612E21696100A0E01B /* Frameworks */ = {
			isa = PBXFrameworksBuildPhase;
			buildActionMask = 2147483647;
			files = (
			);
			runOnlyForDeploymentPostprocessing = 0;
		};
/* End PBXFrameworksBuildPhase section */

/* Begin PBXGroup section */
		BACEEA442E21695F00A0E01B = {
			isa = PBXGroup;
			children = (
				BACEEA4F2E21695F00A0E01B /* CrossStreets */,
				BACEEA5D2E21696100A0E01B /* CrossStreetsTests */,
				BACEEA672E21696100A0E01B /* CrossStreetsUITests */,
				BACEEA4E2E21695F00A0E01B /* Products */,
			);
			sourceTree = "<group>";
		};
		BACEEA4E2E21695F00A0E01B /* Products */ = {
			isa = PBXGroup;
			children = (
				BACEEA4D2E21695F00A0E01B /* CrossStreets.app */,
				BACEEA5A2E21696100A0E01B /* CrossStreetsTests.xctest */,
				BACEEA642E21696100A0E01B /* CrossStreetsUITests.xctest */,
			);
			name = Products;
			sourceTree = "<group>";
		};
/* End PBXGroup section */

/* Begin PBXNativeTarget section */
		BACEEA4C2E21695F00A0E01B /* CrossStreets */ = {
			isa = PBXNativeTarget;
			buildConfigurationList = BACEEA6E2E21696100A0E01B /* Build configuration list for PBXNativeTarget "CrossStreets" */;
			buildPhases = (
				BACEEA492E21695F00A0E01B /* Sources */,
				BACEEA4A2E21695F00A0E01B /* Frameworks */,
				BACEEA4B2E21695F00A0E01B /* Resources */,
			);
			buildRules = (
			);
			dependencies = (
			);
			fileSystemSynchronizedGroups = (
				BACEEA4F2E21695F00A0E01B /* CrossStreets */,
			);
			name = CrossStreets;
			packageProductDependencies = (
			);
			productName = CrossStreets;
			productReference = BACEEA4D2E21695F00A0E01B /* CrossStreets.app */;
			productType = "com.apple.product-type.application";
		};
		BACEEA592E21696100A0E01B /* CrossStreetsTests */ = {
			isa = PBXNativeTarget;
			buildConfigurationList = BACEEA712E21696100A0E01B /* Build configuration list for PBXNativeTarget "CrossStreetsTests" */;
			buildPhases = (
				BACEEA562E21696100A0E01B /* Sources */,
				BACEEA572E21696100A0E01B /* Frameworks */,
				BACEEA582E21696100A0E01B /* Resources */,
			);
			buildRules = (
			);
			dependencies = (
				BACEEA5C2E21696100A0E01B /* PBXTargetDependency */,
			);
			fileSystemSynchronizedGroups = (
				BACEEA5D2E21696100A0E01B /* CrossStreetsTests */,
			);
			name = CrossStreetsTests;
			packageProductDependencies = (
			);
			productName = CrossStreetsTests;
			productReference = BACEEA5A2E21696100A0E01B /* CrossStreetsTests.xctest */;
			productType = "com.apple.product-type.bundle.unit-test";
		};
		BACEEA632E21696100A0E01B /* CrossStreetsUITests */ = {
			isa = PBXNativeTarget;
			buildConfigurationList = BACEEA742E21696100A0E01B /* Build configuration list for PBXNativeTarget "CrossStreetsUITests" */;
			buildPhases = (
				BACEEA602E21696100A0E01B /* Sources */,
				BACEEA612E21696100A0E01B /* Frameworks */,
				BACEEA622E21696100A0E01B /* Resources */,
			);
			buildRules = (
			);
			dependencies = (
				BACEEA662E21696100A0E01B /* PBXTargetDependency */,
			);
			fileSystemSynchronizedGroups = (
				BACEEA672E21696100A0E01B /* CrossStreetsUITests */,
			);
			name = CrossStreetsUITests;
			packageProductDependencies = (
			);
			productName = CrossStreetsUITests;
			productReference = BACEEA642E21696100A0E01B /* CrossStreetsUITests.xctest */;
			productType = "com.apple.product-type.bundle.ui-testing";
		};
/* End PBXNativeTarget section */

/* Begin PBXProject section */
		BACEEA452E21695F00A0E01B /* Project object */ = {
			isa = PBXProject;
			attributes = {
				BuildIndependentTargetsInParallel = 1;
				LastSwiftUpdateCheck = 1630;
				LastUpgradeCheck = 1630;
				TargetAttributes = {
					BACEEA4C2E21695F00A0E01B = {
						CreatedOnToolsVersion = 16.3;
					};
					BACEEA592E21696100A0E01B = {
						CreatedOnToolsVersion = 16.3;
						TestTargetID = BACEEA4C2E21695F00A0E01B;
					};
					BACEEA632E21696100A0E01B = {
						CreatedOnToolsVersion = 16.3;
						TestTargetID = BACEEA4C2E21695F00A0E01B;
					};
				};
			};
			buildConfigurationList = BACEEA482E21695F00A0E01B /* Build configuration list for PBXProject "CrossStreets" */;
			developmentRegion = en;
			hasScannedForEncodings = 0;
			knownRegions = (
				en,
				Base,
			);
			mainGroup = BACEEA442E21695F00A0E01B;
			minimizedProjectReferenceProxies = 1;
			preferredProjectObjectVersion = 77;
			productRefGroup = BACEEA4E2E21695F00A0E01B /* Products */;
			projectDirPath = "";
			projectRoot = "";
			targets = (
				BACEEA4C2E21695F00A0E01B /* CrossStreets */,
				BACEEA592E21696100A0E01B /* CrossStreetsTests */,
				BACEEA632E21696100A0E01B /* CrossStreetsUITests */,
			);
		};
/* End PBXProject section */

/* Begin PBXResourcesBuildPhase section */
		BACEEA4B2E21695F00A0E01B /* Resources */ = {
			isa = PBXResourcesBuildPhase;
			buildActionMask = 2147483647;
			files = (
			);
			runOnlyForDeploymentPostprocessing = 0;
		};
		BACEEA582E21696100A0E01B /* Resources */ = {
			isa = PBXResourcesBuildPhase;
			buildActionMask = 2147483647;
			files = (
			);
			runOnlyForDeploymentPostprocessing = 0;
		};
		BACEEA622E21696100A0E01B /* Resources */ = {
			isa = PBXResourcesBuildPhase;
			buildActionMask = 2147483647;
			files = (
			);
			runOnlyForDeploymentPostprocessing = 0;
		};
/* End PBXResourcesBuildPhase section */

/* Begin PBXSourcesBuildPhase section */
		BACEEA492E21695F00A0E01B /* Sources */ = {
			isa = PBXSourcesBuildPhase;
			buildActionMask = 2147483647;
			files = (
			);
			runOnlyForDeploymentPostprocessing = 0;
		};
		BACEEA562E21696100A0E01B /* Sources */ = {
			isa = PBXSourcesBuildPhase;
			buildActionMask = 2147483647;
			files = (
			);
			runOnlyForDeploymentPostprocessing = 0;
		};
		BACEEA602E21696100A0E01B /* Sources */ = {
			isa = PBXSourcesBuildPhase;
			buildActionMask = 2147483647;
			files = (
			);
			runOnlyForDeploymentPostprocessing = 0;
		};
/* End PBXSourcesBuildPhase section */

/* Begin PBXTargetDependency section */
		BACEEA5C2E21696100A0E01B /* PBXTargetDependency */ = {
			isa = PBXTargetDependency;
			target = BACEEA4C2E21695F00A0E01B /* CrossStreets */;
			targetProxy = BACEEA5B2E21696100A0E01B /* PBXContainerItemProxy */;
		};
		BACEEA662E21696100A0E01B /* PBXTargetDependency */ = {
			isa = PBXTargetDependency;
			target = BACEEA4C2E21695F00A0E01B /* CrossStreets */;
			targetProxy = BACEEA652E21696100A0E01B /* PBXContainerItemProxy */;
		};
/* End PBXTargetDependency section */

/* Begin XCBuildConfiguration section */
		BACEEA6C2E21696100A0E01B /* Debug */ = {
			isa = XCBuildConfiguration;
			buildSettings = {
				ALWAYS_SEARCH_USER_PATHS = NO;
				ASSETCATALOG_COMPILER_GENERATE_SWIFT_ASSET_SYMBOL_EXTENSIONS = YES;
				CLANG_ANALYZER_NONNULL = YES;
				CLANG_ANALYZER_NUMBER_OBJECT_CONVERSION = YES_AGGRESSIVE;
				CLANG_CXX_LANGUAGE_STANDARD = "gnu++20";
				CLANG_ENABLE_MODULES = YES;
				CLANG_ENABLE_OBJC_ARC = YES;
				CLANG_ENABLE_OBJC_WEAK = YES;
				CLANG_WARN_BLOCK_CAPTURE_AUTORELEASING = YES;
				CLANG_WARN_BOOL_CONVERSION = YES;
				CLANG_WARN_COMMA = YES;
				CLANG_WARN_CONSTANT_CONVERSION = YES;
				CLANG_WARN_DEPRECATED_OBJC_IMPLEMENTATIONS = YES;
				CLANG_WARN_DIRECT_OBJC_ISA_USAGE = YES_ERROR;
				CLANG_WARN_DOCUMENTATION_COMMENTS = YES;
				CLANG_WARN_EMPTY_BODY = YES;
				CLANG_WARN_ENUM_CONVERSION = YES;
				CLANG_WARN_INFINITE_RECURSION = YES;
				CLANG_WARN_INT_CONVERSION = YES;
				CLANG_WARN_NON_LITERAL_NULL_CONVERSION = YES;
				CLANG_WARN_OBJC_IMPLICIT_RETAIN_SELF = YES;
				CLANG_WARN_OBJC_LITERAL_CONVERSION = YES;
				CLANG_WARN_OBJC_ROOT_CLASS = YES_ERROR;
				CLANG_WARN_QUOTED_INCLUDE_IN_FRAMEWORK_HEADER = YES;
				CLANG_WARN_RANGE_LOOP_ANALYSIS = YES;
				CLANG_WARN_STRICT_PROTOTYPES = YES;
				CLANG_WARN_SUSPICIOUS_MOVE = YES;
				CLANG_WARN_UNGUARDED_AVAILABILITY = YES_AGGRESSIVE;
				CLANG_WARN_UNREACHABLE_CODE = YES;
				CLANG_WARN__DUPLICATE_METHOD_MATCH = YES;
				COPY_PHASE_STRIP = NO;
				DEBUG_INFORMATION_FORMAT = dwarf;
				ENABLE_STRICT_OBJC_MSGSEND = YES;
				ENABLE_TESTABILITY = YES;
				ENABLE_USER_SCRIPT_SANDBOXING = YES;
				GCC_C_LANGUAGE_STANDARD = gnu17;
				GCC_DYNAMIC_NO_PIC = NO;
				GCC_NO_COMMON_BLOCKS = YES;
				GCC_OPTIMIZATION_LEVEL = 0;
				GCC_PREPROCESSOR_DEFINITIONS = (
					"DEBUG=1",
					"$(inherited)",
				);
				GCC_WARN_64_TO_32_BIT_CONVERSION = YES;
				GCC_WARN_ABOUT_RETURN_TYPE = YES_ERROR;
				GCC_WARN_UNDECLARED_SELECTOR = YES;
				GCC_WARN_UNINITIALIZED_AUTOS = YES_AGGRESSIVE;
				GCC_WARN_UNUSED_FUNCTION = YES;
				GCC_WARN_UNUSED_VARIABLE = YES;
				IPHONEOS_DEPLOYMENT_TARGET = 18.4;
				LOCALIZATION_PREFERS_STRING_CATALOGS = YES;
				MTL_ENABLE_DEBUG_INFO = INCLUDE_SOURCE;
				MTL_FAST_MATH = YES;
				ONLY_ACTIVE_ARCH = YES;
				SDKROOT = iphoneos;
				SWIFT_ACTIVE_COMPILATION_CONDITIONS = "DEBUG $(inherited)";
				SWIFT_OPTIMIZATION_LEVEL = "-Onone";
			};
			name = Debug;
		};
		BACEEA6D2E21696100A0E01B /* Release */ = {
			isa = XCBuildConfiguration;
			buildSettings = {
				ALWAYS_SEARCH_USER_PATHS = NO;
				ASSETCATALOG_COMPILER_GENERATE_SWIFT_ASSET_SYMBOL_EXTENSIONS = YES;
				CLANG_ANALYZER_NONNULL = YES;
				CLANG_ANALYZER_NUMBER_OBJECT_CONVERSION = YES_AGGRESSIVE;
				CLANG_CXX_LANGUAGE_STANDARD = "gnu++20";
				CLANG_ENABLE_MODULES = YES;
				CLANG_ENABLE_OBJC_ARC = YES;
				CLANG_ENABLE_OBJC_WEAK = YES;
				CLANG_WARN_BLOCK_CAPTURE_AUTORELEASING = YES;
				CLANG_WARN_BOOL_CONVERSION = YES;
				CLANG_WARN_COMMA = YES;
				CLANG_WARN_CONSTANT_CONVERSION = YES;
				CLANG_WARN_DEPRECATED_OBJC_IMPLEMENTATIONS = YES;
				CLANG_WARN_DIRECT_OBJC_ISA_USAGE = YES_ERROR;
				CLANG_WARN_DOCUMENTATION_COMMENTS = YES;
				CLANG_WARN_EMPTY_BODY = YES;
				CLANG_WARN_ENUM_CONVERSION = YES;
				CLANG_WARN_INFINITE_RECURSION = YES;
				CLANG_WARN_INT_CONVERSION = YES;
				CLANG_WARN_NON_LITERAL_NULL_CONVERSION = YES;
				CLANG_WARN_OBJC_IMPLICIT_RETAIN_SELF = YES;
				CLANG_WARN_OBJC_LITERAL_CONVERSION = YES;
				CLANG_WARN_OBJC_ROOT_CLASS = YES_ERROR;
				CLANG_WARN_QUOTED_INCLUDE_IN_FRAMEWORK_HEADER = YES;
				CLANG_WARN_RANGE_LOOP_ANALYSIS = YES;
				CLANG_WARN_STRICT_PROTOTYPES = YES;
				CLANG_WARN_SUSPICIOUS_MOVE = YES;
				CLANG_WARN_UNGUARDED_AVAILABILITY = YES_AGGRESSIVE;
				CLANG_WARN_UNREACHABLE_CODE = YES;
				CLANG_WARN__DUPLICATE_METHOD_MATCH = YES;
				COPY_PHASE_STRIP = NO;
				DEBUG_INFORMATION_FORMAT = "dwarf-with-dsym";
				ENABLE_NS_ASSERTIONS = NO;
				ENABLE_STRICT_OBJC_MSGSEND = YES;
				ENABLE_USER_SCRIPT_SANDBOXING = YES;
				GCC_C_LANGUAGE_STANDARD = gnu17;
				GCC_NO_COMMON_BLOCKS = YES;
				GCC_WARN_64_TO_32_BIT_CONVERSION = YES;
				GCC_WARN_ABOUT_RETURN_TYPE = YES_ERROR;
				GCC_WARN_UNDECLARED_SELECTOR = YES;
				GCC_WARN_UNINITIALIZED_AUTOS = YES_AGGRESSIVE;
				GCC_WARN_UNUSED_FUNCTION = YES;
				GCC_WARN_UNUSED_VARIABLE = YES;
				IPHONEOS_DEPLOYMENT_TARGET = 18.4;
				LOCALIZATION_PREFERS_STRING_CATALOGS = YES;
				MTL_ENABLE_DEBUG_INFO = NO;
				MTL_FAST_MATH = YES;
				SDKROOT = iphoneos;
				SWIFT_COMPILATION_MODE = wholemodule;
				VALIDATE_PRODUCT = YES;
			};
			name = Release;
		};
		BACEEA6F2E21696100A0E01B /* Debug */ = {
			isa = XCBuildConfiguration;
			buildSettings = {
				ASSETCATALOG_COMPILER_APPICON_NAME = AppIcon;
				ASSETCATALOG_COMPILER_GLOBAL_ACCENT_COLOR_NAME = AccentColor;
				CODE_SIGN_STYLE = Automatic;
				CURRENT_PROJECT_VERSION = 1;
				ENABLE_PREVIEWS = YES;
				GENERATE_INFOPLIST_FILE = YES;
				INFOPLIST_KEY_UIApplicationSceneManifest_Generation = YES;
				INFOPLIST_KEY_UIApplicationSupportsIndirectInputEvents = YES;
				INFOPLIST_KEY_UILaunchScreen_Generation = YES;
				INFOPLIST_KEY_UISupportedInterfaceOrientations_iPad = "UIInterfaceOrientationPortrait UIInterfaceOrientationPortraitUpsideDown UIInterfaceOrientationLandscapeLeft UIInterfaceOrientationLandscapeRight";
				INFOPLIST_KEY_UISupportedInterfaceOrientations_iPhone = "UIInterfaceOrientationPortrait UIInterfaceOrientationLandscapeLeft UIInterfaceOrientationLandscapeRight";
				LD_RUNPATH_SEARCH_PATHS = (
					"$(inherited)",
					"@executable_path/Frameworks",
				);
				MARKETING_VERSION = 1.0;
				PRODUCT_BUNDLE_IDENTIFIER = Tyler.CrossStreets;
				PRODUCT_NAME = "$(TARGET_NAME)";
				SWIFT_EMIT_LOC_STRINGS = YES;
				SWIFT_VERSION = 5.0;
				TARGETED_DEVICE_FAMILY = "1,2";
			};
			name = Debug;
		};
		BACEEA702E21696100A0E01B /* Release */ = {
			isa = XCBuildConfiguration;
			buildSettings = {
				ASSETCATALOG_COMPILER_APPICON_NAME = AppIcon;
				ASSETCATALOG_COMPILER_GLOBAL_ACCENT_COLOR_NAME = AccentColor;
				CODE_SIGN_STYLE = Automatic;
				CURRENT_PROJECT_VERSION = 1;
				ENABLE_PREVIEWS = YES;
				GENERATE_INFOPLIST_FILE = YES;
				INFOPLIST_KEY_UIApplicationSceneManifest_Generation = YES;
				INFOPLIST_KEY_UIApplicationSupportsIndirectInputEvents = YES;
				INFOPLIST_KEY_UILaunchScreen_Generation = YES;
				INFOPLIST_KEY_UISupportedInterfaceOrientations_iPad = "UIInterfaceOrientationPortrait UIInterfaceOrientationPortraitUpsideDown UIInterfaceOrientationLandscapeLeft UIInterfaceOrientationLandscapeRight";
				INFOPLIST_KEY_UISupportedInterfaceOrientations_iPhone = "UIInterfaceOrientationPortrait UIInterfaceOrientationLandscapeLeft UIInterfaceOrientationLandscapeRight";
				LD_RUNPATH_SEARCH_PATHS = (
					"$(inherited)",
					"@executable_path/Frameworks",
				);
				MARKETING_VERSION = 1.0;
				PRODUCT_BUNDLE_IDENTIFIER = Tyler.CrossStreets;
				PRODUCT_NAME = "$(TARGET_NAME)";
				SWIFT_EMIT_LOC_STRINGS = YES;
				SWIFT_VERSION = 5.0;
				TARGETED_DEVICE_FAMILY = "1,2";
			};
			name = Release;
		};
		BACEEA722E21696100A0E01B /* Debug */ = {
			isa = XCBuildConfiguration;
			buildSettings = {
				BUNDLE_LOADER = "$(TEST_HOST)";
				CODE_SIGN_STYLE = Automatic;
				CURRENT_PROJECT_VERSION = 1;
				GENERATE_INFOPLIST_FILE = YES;
				IPHONEOS_DEPLOYMENT_TARGET = 18.4;
				MARKETING_VERSION = 1.0;
				PRODUCT_BUNDLE_IDENTIFIER = Tyler.CrossStreetsTests;
				PRODUCT_NAME = "$(TARGET_NAME)";
				SWIFT_EMIT_LOC_STRINGS = NO;
				SWIFT_VERSION = 5.0;
				TARGETED_DEVICE_FAMILY = "1,2";
				TEST_HOST = "$(BUILT_PRODUCTS_DIR)/CrossStreets.app/$(BUNDLE_EXECUTABLE_FOLDER_PATH)/CrossStreets";
			};
			name = Debug;
		};
		BACEEA732E21696100A0E01B /* Release */ = {
			isa = XCBuildConfiguration;
			buildSettings = {
				BUNDLE_LOADER = "$(TEST_HOST)";
				CODE_SIGN_STYLE = Automatic;
				CURRENT_PROJECT_VERSION = 1;
				GENERATE_INFOPLIST_FILE = YES;
				IPHONEOS_DEPLOYMENT_TARGET = 18.4;
				MARKETING_VERSION = 1.0;
				PRODUCT_BUNDLE_IDENTIFIER = Tyler.CrossStreetsTests;
				PRODUCT_NAME = "$(TARGET_NAME)";
				SWIFT_EMIT_LOC_STRINGS = NO;
				SWIFT_VERSION = 5.0;
				TARGETED_DEVICE_FAMILY = "1,2";
				TEST_HOST = "$(BUILT_PRODUCTS_DIR)/CrossStreets.app/$(BUNDLE_EXECUTABLE_FOLDER_PATH)/CrossStreets";
			};
			name = Release;
		};
		BACEEA752E21696100A0E01B /* Debug */ = {
			isa = XCBuildConfiguration;
			buildSettings = {
				CODE_SIGN_STYLE = Automatic;
				CURRENT_PROJECT_VERSION = 1;
				GENERATE_INFOPLIST_FILE = YES;
				MARKETING_VERSION = 1.0;
				PRODUCT_BUNDLE_IDENTIFIER = Tyler.CrossStreetsUITests;
				PRODUCT_NAME = "$(TARGET_NAME)";
				SWIFT_EMIT_LOC_STRINGS = NO;
				SWIFT_VERSION = 5.0;
				TARGETED_DEVICE_FAMILY = "1,2";
				TEST_TARGET_NAME = CrossStreets;
			};
			name = Debug;
		};
		BACEEA762E21696100A0E01B /* Release */ = {
			isa = XCBuildConfiguration;
			buildSettings = {
				CODE_SIGN_STYLE = Automatic;
				CURRENT_PROJECT_VERSION = 1;
				GENERATE_INFOPLIST_FILE = YES;
				MARKETING_VERSION = 1.0;
				PRODUCT_BUNDLE_IDENTIFIER = Tyler.CrossStreetsUITests;
				PRODUCT_NAME = "$(TARGET_NAME)";
				SWIFT_EMIT_LOC_STRINGS = NO;
				SWIFT_VERSION = 5.0;
				TARGETED_DEVICE_FAMILY = "1,2";
				TEST_TARGET_NAME = CrossStreets;
			};
			name = Release;
		};
/* End XCBuildConfiguration section */

/* Begin XCConfigurationList section */
		BACEEA482E21695F00A0E01B /* Build configuration list for PBXProject "CrossStreets" */ = {
			isa = XCConfigurationList;
			buildConfigurations = (
				BACEEA6C2E21696100A0E01B /* Debug */,
				BACEEA6D2E21696100A0E01B /* Release */,
			);
			defaultConfigurationIsVisible = 0;
			defaultConfigurationName = Release;
		};
		BACEEA6E2E21696100A0E01B /* Build configuration list for PBXNativeTarget "CrossStreets" */ = {
			isa = XCConfigurationList;
			buildConfigurations = (
				BACEEA6F2E21696100A0E01B /* Debug */,
				BACEEA702E21696100A0E01B /* Release */,
			);
			defaultConfigurationIsVisible = 0;
			defaultConfigurationName = Release;
		};
		BACEEA712E21696100A0E01B /* Build configuration list for PBXNativeTarget "CrossStreetsTests" */ = {
			isa = XCConfigurationList;
			buildConfigurations = (
				BACEEA722E21696100A0E01B /* Debug */,
				BACEEA732E21696100A0E01B /* Release */,
			);
			defaultConfigurationIsVisible = 0;
			defaultConfigurationName = Release;
		};
		BACEEA742E21696100A0E01B /* Build configuration list for PBXNativeTarget "CrossStreetsUITests" */ = {
			isa = XCConfigurationList;
			buildConfigurations = (
				BACEEA752E21696100A0E01B /* Debug */,
				BACEEA762E21696100A0E01B /* Release */,
			);
			defaultConfigurationIsVisible = 0;
			defaultConfigurationName = Release;
		};
/* End XCConfigurationList section */
	};
	rootObject = BACEEA452E21695F00A0E01B /* Project object */;
}
